
Microsoft Visual Studio Solution File, Format Version 12.00
# Visual Studio Version 16
VisualStudioVersion = 16.0.31025.194
MinimumVisualStudioVersion = 10.0.40219.1
Project("{FAE04EC0-301F-11D3-BF4B-00C04F79EFBC}") = "CommandPattern", "CommandPattern\CommandPattern.csproj", "{560A6916-BA34-495F-8D68-DBFB930E1599}"
EndProject
Global
	GlobalSection(SolutionConfigurationPlatforms) = preSolution
		Debug|Any CPU = Debug|Any CPU
		Release|Any CPU = Release|Any CPU
	EndGlobalSection
	GlobalSection(ProjectConfigurationPlatforms) = postSolution
		{560A6916-BA34-495F-8D68-DBFB930E1599}.Debug|Any CPU.ActiveCfg = Debug|Any CPU
		{560A6916-BA34-495F-8D68-DBFB930E1599}.Debug|Any CPU.Build.0 = Debug|Any CPU
		{560A6916-BA34-495F-8D68-DBFB930E1599}.Release|Any CPU.ActiveCfg = Release|Any CPU
		{560A6916-BA34-495F-8D68-DBFB930E1599}.Release|Any CPU.Build.0 = Release|Any CPU
	EndGlobalSection
	GlobalSection(SolutionProperties) = preSolution
		HideSolutionNode = FALSE
	EndGlobalSection
	GlobalSection(ExtensibilityGlobals) = postSolution
		SolutionGuid = {4275017C-9D7F-4611-980B-D6518841BC66}
	EndGlobalSection
EndGlobal
